{
  "version": 4,
  "terraform_version": "1.8.3",
  "serial": 23,
  "lineage": "d52f5b1a-a08c-bebe-59e8-c3f4281910c0",
  "outputs": {
    "private_subnet_id": {
      "value": "subnet-0db8e092ed438304a",
      "type": "string"
    },
    "public_subnet_id": {
      "value": "subnet-03cfa0d9b112531eb",
      "type": "string"
    },
    "vpc_id": {
      "value": "vpc-02ad832f80d816cb5",
      "type": "string"
    }
  },
  "resources": [
    {
      "module": "module.subnet",
      "mode": "managed",
      "type": "aws_route_table",
      "name": "public_route_table",
      "provider": "provider[\"registry.terraform.io/hashicorp/aws\"]",
      "instances": [
        {
          "schema_version": 0,
          "attributes": {
            "arn": "arn:aws:ec2:us-east-1:975050256010:route-table/rtb-0db9d25de1871b5fc",
            "id": "rtb-0db9d25de1871b5fc",
            "owner_id": "975050256010",
            "propagating_vgws": [],
            "route": [
              {
                "carrier_gateway_id": "",
                "cidr_block": "0.0.0.0/0",
                "core_network_arn": "",
                "destination_prefix_list_id": "",
                "egress_only_gateway_id": "",
                "gateway_id": "igw-0d7596b5c9f289d99",
                "ipv6_cidr_block": "",
                "local_gateway_id": "",
                "nat_gateway_id": "",
                "network_interface_id": "",
                "transit_gateway_id": "",
                "vpc_endpoint_id": "",
                "vpc_peering_connection_id": ""
              }
            ],
            "tags": {
              "Name": "public_route_table"
            },
            "tags_all": {
              "Name": "public_route_table"
            },
            "timeouts": null,
            "vpc_id": "vpc-02ad832f80d816cb5"
          },
          "sensitive_attributes": [],
          "private": "eyJlMmJmYjczMC1lY2FhLTExZTYtOGY4OC0zNDM2M2JjN2M0YzAiOnsiY3JlYXRlIjozMDAwMDAwMDAwMDAsImRlbGV0ZSI6MzAwMDAwMDAwMDAwLCJ1cGRhdGUiOjEyMDAwMDAwMDAwMH19",
          "dependencies": [
            "module.vpc.aws_internet_gateway.my_igw",
            "module.vpc.aws_vpc.my_vpc"
          ]
        }
      ]
    },
    {
      "module": "module.subnet",
      "mode": "managed",
      "type": "aws_route_table_association",
      "name": "public_subnet_association",
      "provider": "provider[\"registry.terraform.io/hashicorp/aws\"]",
      "instances": [
        {
          "schema_version": 0,
          "attributes": {
            "gateway_id": "",
            "id": "rtbassoc-055ac19a86cbd928f",
            "route_table_id": "rtb-0db9d25de1871b5fc",
            "subnet_id": "subnet-03cfa0d9b112531eb",
            "timeouts": null
          },
          "sensitive_attributes": [],
          "private": "eyJlMmJmYjczMC1lY2FhLTExZTYtOGY4OC0zNDM2M2JjN2M0YzAiOnsiY3JlYXRlIjozMDAwMDAwMDAwMDAsImRlbGV0ZSI6MzAwMDAwMDAwMDAwLCJ1cGRhdGUiOjEyMDAwMDAwMDAwMH19",
          "dependencies": [
            "module.subnet.aws_route_table.public_route_table",
            "module.subnet.aws_subnet.public_subnet",
            "module.vpc.aws_internet_gateway.my_igw",
            "module.vpc.aws_vpc.my_vpc"
          ]
        }
      ]
    },
    {
      "module": "module.subnet",
      "mode": "managed",
      "type": "aws_subnet",
      "name": "private_subnet",
      "provider": "provider[\"registry.terraform.io/hashicorp/aws\"]",
      "instances": [
        {
          "schema_version": 1,
          "attributes": {
            "arn": "arn:aws:ec2:us-east-1:975050256010:subnet/subnet-0db8e092ed438304a",
            "assign_ipv6_address_on_creation": false,
            "availability_zone": "us-east-1a",
            "availability_zone_id": "use1-az4",
            "cidr_block": "10.0.2.0/24",
            "customer_owned_ipv4_pool": "",
            "enable_dns64": false,
            "enable_lni_at_device_index": 0,
            "enable_resource_name_dns_a_record_on_launch": false,
            "enable_resource_name_dns_aaaa_record_on_launch": false,
            "id": "subnet-0db8e092ed438304a",
            "ipv6_cidr_block": "",
            "ipv6_cidr_block_association_id": "",
            "ipv6_native": false,
            "map_customer_owned_ip_on_launch": false,
            "map_public_ip_on_launch": false,
            "outpost_arn": "",
            "owner_id": "975050256010",
            "private_dns_hostname_type_on_launch": "ip-name",
            "tags": {
              "Name": "private_subnet"
            },
            "tags_all": {
              "Name": "private_subnet"
            },
            "timeouts": null,
            "vpc_id": "vpc-02ad832f80d816cb5"
          },
          "sensitive_attributes": [],
          "private": "eyJlMmJmYjczMC1lY2FhLTExZTYtOGY4OC0zNDM2M2JjN2M0YzAiOnsiY3JlYXRlIjo2MDAwMDAwMDAwMDAsImRlbGV0ZSI6MTIwMDAwMDAwMDAwMH0sInNjaGVtYV92ZXJzaW9uIjoiMSJ9",
          "dependencies": [
            "module.vpc.aws_vpc.my_vpc"
          ]
        }
      ]
    },
    {
      "module": "module.subnet",
      "mode": "managed",
      "type": "aws_subnet",
      "name": "public_subnet",
      "provider": "provider[\"registry.terraform.io/hashicorp/aws\"]",
      "instances": [
        {
          "schema_version": 1,
          "attributes": {
            "arn": "arn:aws:ec2:us-east-1:975050256010:subnet/subnet-03cfa0d9b112531eb",
            "assign_ipv6_address_on_creation": false,
            "availability_zone": "us-east-1a",
            "availability_zone_id": "use1-az4",
            "cidr_block": "10.0.1.0/24",
            "customer_owned_ipv4_pool": "",
            "enable_dns64": false,
            "enable_lni_at_device_index": 0,
            "enable_resource_name_dns_a_record_on_launch": false,
            "enable_resource_name_dns_aaaa_record_on_launch": false,
            "id": "subnet-03cfa0d9b112531eb",
            "ipv6_cidr_block": "",
            "ipv6_cidr_block_association_id": "",
            "ipv6_native": false,
            "map_customer_owned_ip_on_launch": false,
            "map_public_ip_on_launch": true,
            "outpost_arn": "",
            "owner_id": "975050256010",
            "private_dns_hostname_type_on_launch": "ip-name",
            "tags": {
              "Name": "public_subnet"
            },
            "tags_all": {
              "Name": "public_subnet"
            },
            "timeouts": null,
            "vpc_id": "vpc-02ad832f80d816cb5"
          },
          "sensitive_attributes": [],
          "private": "eyJlMmJmYjczMC1lY2FhLTExZTYtOGY4OC0zNDM2M2JjN2M0YzAiOnsiY3JlYXRlIjo2MDAwMDAwMDAwMDAsImRlbGV0ZSI6MTIwMDAwMDAwMDAwMH0sInNjaGVtYV92ZXJzaW9uIjoiMSJ9",
          "dependencies": [
            "module.vpc.aws_vpc.my_vpc"
          ]
        }
      ]
    },
    {
      "module": "module.vpc",
      "mode": "managed",
      "type": "aws_internet_gateway",
      "name": "my_igw",
      "provider": "provider[\"registry.terraform.io/hashicorp/aws\"]",
      "instances": [
        {
          "schema_version": 0,
          "attributes": {
            "arn": "arn:aws:ec2:us-east-1:975050256010:internet-gateway/igw-0d7596b5c9f289d99",
            "id": "igw-0d7596b5c9f289d99",
            "owner_id": "975050256010",
            "tags": {
              "Name": "my_igw"
            },
            "tags_all": {
              "Name": "my_igw"
            },
            "timeouts": null,
            "vpc_id": "vpc-02ad832f80d816cb5"
          },
          "sensitive_attributes": [],
          "private": "eyJlMmJmYjczMC1lY2FhLTExZTYtOGY4OC0zNDM2M2JjN2M0YzAiOnsiY3JlYXRlIjoxMjAwMDAwMDAwMDAwLCJkZWxldGUiOjEyMDAwMDAwMDAwMDAsInVwZGF0ZSI6MTIwMDAwMDAwMDAwMH19",
          "dependencies": [
            "module.vpc.aws_vpc.my_vpc"
          ]
        }
      ]
    },
    {
      "module": "module.vpc",
      "mode": "managed",
      "type": "aws_vpc",
      "name": "my_vpc",
      "provider": "provider[\"registry.terraform.io/hashicorp/aws\"]",
      "instances": [
        {
          "schema_version": 1,
          "attributes": {
            "arn": "arn:aws:ec2:us-east-1:975050256010:vpc/vpc-02ad832f80d816cb5",
            "assign_generated_ipv6_cidr_block": false,
            "cidr_block": "10.0.0.0/16",
            "default_network_acl_id": "acl-0254b32ac3fff2154",
            "default_route_table_id": "rtb-0363e7a39c7761178",
            "default_security_group_id": "sg-0e717459c1d32bdef",
            "dhcp_options_id": "dopt-07e407b501921d0e0",
            "enable_dns_hostnames": false,
            "enable_dns_support": true,
            "enable_network_address_usage_metrics": false,
            "id": "vpc-02ad832f80d816cb5",
            "instance_tenancy": "default",
            "ipv4_ipam_pool_id": null,
            "ipv4_netmask_length": null,
            "ipv6_association_id": "",
            "ipv6_cidr_block": "",
            "ipv6_cidr_block_network_border_group": "",
            "ipv6_ipam_pool_id": "",
            "ipv6_netmask_length": 0,
            "main_route_table_id": "rtb-0363e7a39c7761178",
            "owner_id": "975050256010",
            "tags": {
              "Name": "my_vpc"
            },
            "tags_all": {
              "Name": "my_vpc"
            }
          },
          "sensitive_attributes": [],
          "private": "eyJzY2hlbWFfdmVyc2lvbiI6IjEifQ=="
        }
      ]
    }
  ],
  "check_results": null
}
